// !$*UTF8*$!
{
	archiveVersion = 1;
	classes = {
	};
	objectVersion = 46;
	objects = {

/* Begin PBXBuildFile section */
		9528DEDA1BF5C73D007B3644 /* AppDelegate.m in Sources */ = {isa = PBXBuildFile; fileRef = 9528DED01BF5C73D007B3644 /* AppDelegate.m */; };
		9528DEDB1BF5C73D007B3644 /* Assets.xcassets in Resources */ = {isa = PBXBuildFile; fileRef = 9528DED21BF5C73D007B3644 /* Assets.xcassets */; };
		9528DEDC1BF5C73D007B3644 /* LaunchScreen.storyboard in Resources */ = {isa = PBXBuildFile; fileRef = 9528DED31BF5C73D007B3644 /* LaunchScreen.storyboard */; };
		9528DEDD1BF5C73D007B3644 /* Info.plist in Resources */ = {isa = PBXBuildFile; fileRef = 9528DED51BF5C73D007B3644 /* Info.plist */; };
		9528DEDE1BF5C73D007B3644 /* main.m in Sources */ = {isa = PBXBuildFile; fileRef = 9528DED61BF5C73D007B3644 /* main.m */; };
		9528DEDF1BF5C73D007B3644 /* ViewController.m in Sources */ = {isa = PBXBuildFile; fileRef = 9528DED91BF5C73D007B3644 /* ViewController.m */; };
		9528DEE61BF5C770007B3644 /* UIButton+HitExtension.m in Sources */ = {isa = PBXBuildFile; fileRef = 9528DEE51BF5C770007B3644 /* UIButton+HitExtension.m */; };
/* End PBXBuildFile section */

/* Begin PBXFileReference section */
		9528DEB41BF5C6C0007B3644 /* UIButtonHitDemo.app */ = {isa = PBXFileReference; explicitFileType = wrapper.application; includeInIndex = 0; path = UIButtonHitDemo.app; sourceTree = BUILT_PRODUCTS_DIR; };
		9528DECF1BF5C73D007B3644 /* AppDelegate.h */ = {isa = PBXFileReference; fileEncoding = 4; lastKnownFileType = sourcecode.c.h; path = AppDelegate.h; sourceTree = "<group>"; };
		9528DED01BF5C73D007B3644 /* AppDelegate.m */ = {isa = PBXFileReference; fileEncoding = 4; lastKnownFileType = sourcecode.c.objc; path = AppDelegate.m; sourceTree = "<group>"; };
		9528DED21BF5C73D007B3644 /* Assets.xcassets */ = {isa = PBXFileReference; lastKnownFileType = folder.assetcatalog; path = Assets.xcassets; sourceTree = "<group>"; };
		9528DED41BF5C73D007B3644 /* Base */ = {isa = PBXFileReference; lastKnownFileType = file.storyboard; name = Base; path = Base.lproj/LaunchScreen.storyboard; sourceTree = "<group>"; };
		9528DED51BF5C73D007B3644 /* Info.plist */ = {isa = PBXFileReference; fileEncoding = 4; lastKnownFileType = text.plist.xml; path = Info.plist; sourceTree = "<group>"; };
		9528DED61BF5C73D007B3644 /* main.m */ = {isa = PBXFileReference; fileEncoding = 4; lastKnownFileType = sourcecode.c.objc; path = main.m; sourceTree = "<group>"; };
		9528DED81BF5C73D007B3644 /* ViewController.h */ = {isa = PBXFileReference; fileEncoding = 4; lastKnownFileType = sourcecode.c.h; path = ViewController.h; sourceTree = "<group>"; };
		9528DED91BF5C73D007B3644 /* ViewController.m */ = {isa = PBXFileReference; fileEncoding = 4; lastKnownFileType = sourcecode.c.objc; path = ViewController.m; sourceTree = "<group>"; };
		9528DEE41BF5C770007B3644 /* UIButton+HitExtension.h */ = {isa = PBXFileReference; fileEncoding = 4; lastKnownFileType = sourcecode.c.h; path = "UIButton+HitExtension.h"; sourceTree = "<group>"; };
		9528DEE51BF5C770007B3644 /* UIButton+HitExtension.m */ = {isa = PBXFileReference; fileEncoding = 4; lastKnownFileType = sourcecode.c.objc; path = "UIButton+HitExtension.m"; sourceTree = "<group>"; };
/* End PBXFileReference section */

/* Begin PBXFrameworksBuildPhase section */
		9528DEB11BF5C6C0007B3644 /* Frameworks */ = {
			isa = PBXFrameworksBuildPhase;
			buildActionMask = 2147483647;
			files = (
			);
			runOnlyForDeploymentPostprocessing = 0;
		};
/* End PBXFrameworksBuildPhase section */

/* Begin PBXGroup section */
		9528DEAB1BF5C6BF007B3644 = {
			isa = PBXGroup;
			children = (
				9528DEE01BF5C748007B3644 /* Classes */,
				9528DEB61BF5C6C0007B3644 /* UIButtonHitDemo */,
				9528DEB51BF5C6C0007B3644 /* Products */,
			);
			sourceTree = "<group>";
		};
		9528DEB51BF5C6C0007B3644 /* Products */ = {
			isa = PBXGroup;
			children = (
				9528DEB41BF5C6C0007B3644 /* UIButtonHitDemo.app */,
			);
			name = Products;
			sourceTree = "<group>";
		};
		9528DEB61BF5C6C0007B3644 /* UIButtonHitDemo */ = {
			isa = PBXGroup;
			children = (
				9528DECE1BF5C73D007B3644 /* app delegate */,
				9528DED11BF5C73D007B3644 /* supporting files */,
				9528DED71BF5C73D007B3644 /* view controller */,
			);
			path = UIButtonHitDemo;
			sourceTree = "<group>";
		};
		9528DECE1BF5C73D007B3644 /* app delegate */ = {
			isa = PBXGroup;
			children = (
				9528DECF1BF5C73D007B3644 /* AppDelegate.h */,
				9528DED01BF5C73D007B3644 /* AppDelegate.m */,
			);
			path = "app delegate";
			sourceTree = "<group>";
		};
		9528DED11BF5C73D007B3644 /* supporting files */ = {
			isa = PBXGroup;
			children = (
				9528DED21BF5C73D007B3644 /* Assets.xcassets */,
				9528DED31BF5C73D007B3644 /* LaunchScreen.storyboard */,
				9528DED51BF5C73D007B3644 /* Info.plist */,
				9528DED61BF5C73D007B3644 /* main.m */,
			);
			path = "supporting files";
			sourceTree = "<group>";
		};
		9528DED71BF5C73D007B3644 /* view controller */ = {
			isa = PBXGroup;
			children = (
				9528DED81BF5C73D007B3644 /* ViewController.h */,
				9528DED91BF5C73D007B3644 /* ViewController.m */,
			);
			path = "view controller";
			sourceTree = "<group>";
		};
		9528DEE01BF5C748007B3644 /* Classes */ = {
			isa = PBXGroup;
			children = (
				9528DEE41BF5C770007B3644 /* UIButton+HitExtension.h */,
				9528DEE51BF5C770007B3644 /* UIButton+HitExtension.m */,
			);
			name = Classes;
			path = ../Classes;
			sourceTree = "<group>";
		};
/* End PBXGroup section */

/* Begin PBXNativeTarget section */
		9528DEB31BF5C6C0007B3644 /* UIButtonHitDemo */ = {
			isa = PBXNativeTarget;
			buildConfigurationList = 9528DECB1BF5C6C0007B3644 /* Build configuration list for PBXNativeTarget "UIButtonHitDemo" */;
			buildPhases = (
				9528DEB01BF5C6C0007B3644 /* Sources */,
				9528DEB11BF5C6C0007B3644 /* Frameworks */,
				9528DEB21BF5C6C0007B3644 /* Resources */,
			);
			buildRules = (
			);
			dependencies = (
			);
			name = UIButtonHitDemo;
			productName = UIButtonHitDemo;
			productReference = 9528DEB41BF5C6C0007B3644 /* UIButtonHitDemo.app */;
			productType = "com.apple.product-type.application";
		};
/* End PBXNativeTarget section */

/* Begin PBXProject section */
		9528DEAC1BF5C6BF007B3644 /* Project object */ = {
			isa = PBXProject;
			attributes = {
				LastUpgradeCheck = 0710;
				ORGANIZATIONNAME = DarrenLine;
				TargetAttributes = {
					9528DEB31BF5C6C0007B3644 = {
						CreatedOnToolsVersion = 7.1;
					};
				};
			};
			buildConfigurationList = 9528DEAF1BF5C6BF007B3644 /* Build configuration list for PBXProject "UIButtonHitDemo" */;
			compatibilityVersion = "Xcode 3.2";
			developmentRegion = English;
			hasScannedForEncodings = 0;
			knownRegions = (
				en,
				Base,
			);
			mainGroup = 9528DEAB1BF5C6BF007B3644;
			productRefGroup = 9528DEB51BF5C6C0007B3644 /* Products */;
			projectDirPath = "";
			projectRoot = "";
			targets = (
				9528DEB31BF5C6C0007B3644 /* UIButtonHitDemo */,
			);
		};
/* End PBXProject section */

/* Begin PBXResourcesBuildPhase section */
		9528DEB21BF5C6C0007B3644 /* Resources */ = {
			isa = PBXResourcesBuildPhase;
			buildActionMask = 2147483647;
			files = (
				9528DEDB1BF5C73D007B3644 /* Assets.xcassets in Resources */,
				9528DEDC1BF5C73D007B3644 /* LaunchScreen.storyboard in Resources */,
				9528DEDD1BF5C73D007B3644 /* Info.plist in Resources */,
			);
			runOnlyForDeploymentPostprocessing = 0;
		};
/* End PBXResourcesBuildPhase section */

/* Begin PBXSourcesBuildPhase section */
		9528DEB01BF5C6C0007B3644 /* Sources */ = {
			isa = PBXSourcesBuildPhase;
			buildActionMask = 2147483647;
			files = (
				9528DEDF1BF5C73D007B3644 /* ViewController.m in Sources */,
				9528DEE61BF5C770007B3644 /* UIButton+HitExtension.m in Sources */,
				9528DEDE1BF5C73D007B3644 /* main.m in Sources */,
				9528DEDA1BF5C73D007B3644 /* AppDelegate.m in Sources */,
			);
			runOnlyForDeploymentPostprocessing = 0;
		};
/* End PBXSourcesBuildPhase section */

/* Begin PBXVariantGroup section */
		9528DED31BF5C73D007B3644 /* LaunchScreen.storyboard */ = {
			isa = PBXVariantGroup;
			children = (
				9528DED41BF5C73D007B3644 /* Base */,
			);
			name = LaunchScreen.storyboard;
			sourceTree = "<group>";
		};
/* End PBXVariantGroup section */

/* Begin XCBuildConfiguration section */
		9528DEC91BF5C6C0007B3644 /* Debug */ = {
			isa = XCBuildConfiguration;
			buildSettings = {
				ALWAYS_SEARCH_USER_PATHS = NO;
				CLANG_CXX_LANGUAGE_STANDARD = "gnu++0x";
				CLANG_CXX_LIBRARY = "libc++";
				CLANG_ENABLE_MODULES = YES;
				CLANG_ENABLE_OBJC_ARC = YES;
				CLANG_WARN_BOOL_CONVERSION = YES;
				CLANG_WARN_CONSTANT_CONVERSION = YES;
				CLANG_WARN_DIRECT_OBJC_ISA_USAGE = YES_ERROR;
				CLANG_WARN_EMPTY_BODY = YES;
				CLANG_WARN_ENUM_CONVERSION = YES;
				CLANG_WARN_INT_CONVERSION = YES;
				CLANG_WARN_OBJC_ROOT_CLASS = YES_ERROR;
				CLANG_WARN_UNREACHABLE_CODE = YES;
				CLANG_WARN__DUPLICATE_METHOD_MATCH = YES;
				"CODE_SIGN_IDENTITY[sdk=iphoneos*]" = "iPhone Developer";
				COPY_PHASE_STRIP = NO;
				DEBUG_INFORMATION_FORMAT = dwarf;
				ENABLE_STRICT_OBJC_MSGSEND = YES;
				ENABLE_TESTABILITY = YES;
				GCC_C_LANGUAGE_STANDARD = gnu99;
				GCC_DYNAMIC_NO_PIC = NO;
				GCC_NO_COMMON_BLOCKS = YES;
				GCC_OPTIMIZATION_LEVEL = 0;
				GCC_PREPROCESSOR_DEFINITIONS = (
					"DEBUG=1",
					"$(inherited)",
				);
				GCC_WARN_64_TO_32_BIT_CONVERSION = YES;
				GCC_WARN_ABOUT_RETURN_TYPE = YES_ERROR;
				GCC_WARN_UNDECLARED_SELECTOR = YES;
				GCC_WARN_UNINITIALIZED_AUTOS = YES_AGGRESSIVE;
				GCC_WARN_UNUSED_FUNCTION = YES;
				GCC_WARN_UNUSED_VARIABLE = YES;
				IPHONEOS_DEPLOYMENT_TARGET = 9.1;
				MTL_ENABLE_DEBUG_INFO = YES;
				ONLY_ACTIVE_ARCH = YES;
				SDKROOT = iphoneos;
			};
			name = Debug;
		};
		9528DECA1BF5C6C0007B3644 /* Release */ = {
			isa = XCBuildConfiguration;
			buildSettings = {
				ALWAYS_SEARCH_USER_PATHS = NO;
				CLANG_CXX_LANGUAGE_STANDARD = "gnu++0x";
				CLANG_CXX_LIBRARY = "libc++";
				CLANG_ENABLE_MODULES = YES;
				CLANG_ENABLE_OBJC_ARC = YES;
				CLANG_WARN_BOOL_CONVERSION = YES;
				CLANG_WARN_CONSTANT_CONVERSION = YES;
				CLANG_WARN_DIRECT_OBJC_ISA_USAGE = YES_ERROR;
				CLANG_WARN_EMPTY_BODY = YES;
				CLANG_WARN_ENUM_CONVERSION = YES;
				CLANG_WARN_INT_CONVERSION = YES;
				CLANG_WARN_OBJC_ROOT_CLASS = YES_ERROR;
				CLANG_WARN_UNREACHABLE_CODE = YES;
				CLANG_WARN__DUPLICATE_METHOD_MATCH = YES;
				"CODE_SIGN_IDENTITY[sdk=iphoneos*]" = "iPhone Developer";
				COPY_PHASE_STRIP = NO;
				DEBUG_INFORMATION_FORMAT = "dwarf-with-dsym";
				ENABLE_NS_ASSERTIONS = NO;
				ENABLE_STRICT_OBJC_MSGSEND = YES;
				GCC_C_LANGUAGE_STANDARD = gnu99;
				GCC_NO_COMMON_BLOCKS = YES;
				GCC_WARN_64_TO_32_BIT_CONVERSION = YES;
				GCC_WARN_ABOUT_RETURN_TYPE = YES_ERROR;
				GCC_WARN_UNDECLARED_SELECTOR = YES;
				GCC_WARN_UNINITIALIZED_AUTOS = YES_AGGRESSIVE;
				GCC_WARN_UNUSED_FUNCTION = YES;
				GCC_WARN_UNUSED_VARIABLE = YES;
				IPHONEOS_DEPLOYMENT_TARGET = 9.1;
				MTL_ENABLE_DEBUG_INFO = NO;
				SDKROOT = iphoneos;
				VALIDATE_PRODUCT = YES;
			};
			name = Release;
		};
		9528DECC1BF5C6C0007B3644 /* Debug */ = {
			isa = XCBuildConfiguration;
			buildSettings = {
				ASSETCATALOG_COMPILER_APPICON_NAME = AppIcon;
				INFOPLIST_FILE = "$(SRCROOT)/UIButtonHitDemo/supporting files/Info.plist";
				IPHONEOS_DEPLOYMENT_TARGET = 6.0;
				LD_RUNPATH_SEARCH_PATHS = "$(inherited) @executable_path/Frameworks";
				PRODUCT_BUNDLE_IDENTIFIER = com.koreandarren.UIButtonHitDemo;
				PRODUCT_NAME = "$(TARGET_NAME)";
			};
			name = Debug;
		};
		9528DECD1BF5C6C0007B3644 /* Release */ = {
			isa = XCBuildConfiguration;
			buildSettings = {
				ASSETCATALOG_COMPILER_APPICON_NAME = AppIcon;
				INFOPLIST_FILE = "$(SRCROOT)/UIButtonHitDemo/supporting files/Info.plist";
				IPHONEOS_DEPLOYMENT_TARGET = 6.0;
				LD_RUNPATH_SEARCH_PATHS = "$(inherited) @executable_path/Frameworks";
				PRODUCT_BUNDLE_IDENTIFIER = com.koreandarren.UIButtonHitDemo;
				PRODUCT_NAME = "$(TARGET_NAME)";
			};
			name = Release;
		};
/* End XCBuildConfiguration section */

/* Begin XCConfigurationList section */
		9528DEAF1BF5C6BF007B3644 /* Build configuration list for PBXProject "UIButtonHitDemo" */ = {
			isa = XCConfigurationList;
			buildConfigurations = (
				9528DEC91BF5C6C0007B3644 /* Debug */,
				9528DECA1BF5C6C0007B3644 /* Release */,
			);
			defaultConfigurationIsVisible = 0;
			defaultConfigurationName = Release;
		};
		9528DECB1BF5C6C0007B3644 /* Build configuration list for PBXNativeTarget "UIButtonHitDemo" */ = {
			isa = XCConfigurationList;
			buildConfigurations = (
				9528DECC1BF5C6C0007B3644 /* Debug */,
				9528DECD1BF5C6C0007B3644 /* Release */,
			);
			defaultConfigurationIsVisible = 0;
			defaultConfigurationName = Release;
		};
/* End XCConfigurationList section */
	};
	rootObject = 9528DEAC1BF5C6BF007B3644 /* Project object */;
}
